// !$*UTF8*$!
{
	archiveVersion = 1;
	classes = {
	};
	objectVersion = 46;
	objects = {

/* Begin PBXBuildFile section */
		7322E5B41E3B2D570067BF4A /* AppDelegate.swift in Sources */ = {isa = PBXBuildFile; fileRef = 7322E5B31E3B2D570067BF4A /* AppDelegate.swift */; };
		7322E5B61E3B2D570067BF4A /* FavoriteViewController.swift in Sources */ = {isa = PBXBuildFile; fileRef = 7322E5B51E3B2D570067BF4A /* FavoriteViewController.swift */; };
		7322E5B81E3B2D570067BF4A /* SearchViewController.swift in Sources */ = {isa = PBXBuildFile; fileRef = 7322E5B71E3B2D570067BF4A /* SearchViewController.swift */; };
		7322E5BB1E3B2D570067BF4A /* Main.storyboard in Resources */ = {isa = PBXBuildFile; fileRef = 7322E5B91E3B2D570067BF4A /* Main.storyboard */; };
		7322E5BD1E3B2D570067BF4A /* Assets.xcassets in Resources */ = {isa = PBXBuildFile; fileRef = 7322E5BC1E3B2D570067BF4A /* Assets.xcassets */; };
		7322E5C81E3B2D9C0067BF4A /* Launch Screen.storyboard in Resources */ = {isa = PBXBuildFile; fileRef = 7322E5C71E3B2D9C0067BF4A /* Launch Screen.storyboard */; };
		7322E5CC1E3B3BEE0067BF4A /* FloatRatingView.swift in Sources */ = {isa = PBXBuildFile; fileRef = 7322E5CB1E3B3BEE0067BF4A /* FloatRatingView.swift */; };
		7322E5CF1E3B413F0067BF4A /* MovieTableViewCell.swift in Sources */ = {isa = PBXBuildFile; fileRef = 7322E5CE1E3B413F0067BF4A /* MovieTableViewCell.swift */; };
		7322E5D11E3B42E30067BF4A /* Movie.swift in Sources */ = {isa = PBXBuildFile; fileRef = 7322E5D01E3B42E30067BF4A /* Movie.swift */; };
		7322E5D41E3B514C0067BF4A /* Search.swift in Sources */ = {isa = PBXBuildFile; fileRef = 7322E5D31E3B514C0067BF4A /* Search.swift */; };
		7322E5D71E3B7F630067BF4A /* MovieHelper.swift in Sources */ = {isa = PBXBuildFile; fileRef = 7322E5D61E3B7F630067BF4A /* MovieHelper.swift */; };
		7322E5D91E3C30FA0067BF4A /* Favorites.swift in Sources */ = {isa = PBXBuildFile; fileRef = 7322E5D81E3C30FA0067BF4A /* Favorites.swift */; };
		7322E5DB1E3C43E10067BF4A /* MovieTableViewCell.xib in Resources */ = {isa = PBXBuildFile; fileRef = 7322E5DA1E3C43E10067BF4A /* MovieTableViewCell.xib */; };
/* End PBXBuildFile section */

/* Begin PBXFileReference section */
		7322E5B01E3B2D560067BF4A /* The Muff - Abdelraouf.app */ = {isa = PBXFileReference; explicitFileType = wrapper.application; includeInIndex = 0; path = "The Muff - Abdelraouf.app"; sourceTree = BUILT_PRODUCTS_DIR; };
		7322E5B31E3B2D570067BF4A /* AppDelegate.swift */ = {isa = PBXFileReference; lastKnownFileType = sourcecode.swift; path = AppDelegate.swift; sourceTree = "<group>"; };
		7322E5B51E3B2D570067BF4A /* FavoriteViewController.swift */ = {isa = PBXFileReference; lastKnownFileType = sourcecode.swift; path = FavoriteViewController.swift; sourceTree = "<group>"; };
		7322E5B71E3B2D570067BF4A /* SearchViewController.swift */ = {isa = PBXFileReference; lastKnownFileType = sourcecode.swift; path = SearchViewController.swift; sourceTree = "<group>"; };
		7322E5BA1E3B2D570067BF4A /* Base */ = {isa = PBXFileReference; lastKnownFileType = file.storyboard; name = Base; path = Base.lproj/Main.storyboard; sourceTree = "<group>"; };
		7322E5BC1E3B2D570067BF4A /* Assets.xcassets */ = {isa = PBXFileReference; lastKnownFileType = folder.assetcatalog; path = Assets.xcassets; sourceTree = "<group>"; };
		7322E5C11E3B2D570067BF4A /* Info.plist */ = {isa = PBXFileReference; lastKnownFileType = text.plist.xml; path = Info.plist; sourceTree = "<group>"; };
		7322E5C71E3B2D9C0067BF4A /* Launch Screen.storyboard */ = {isa = PBXFileReference; fileEncoding = 4; lastKnownFileType = file.storyboard; path = "Launch Screen.storyboard"; sourceTree = "<group>"; };
		7322E5CB1E3B3BEE0067BF4A /* FloatRatingView.swift */ = {isa = PBXFileReference; fileEncoding = 4; lastKnownFileType = sourcecode.swift; path = FloatRatingView.swift; sourceTree = "<group>"; };
		7322E5CE1E3B413F0067BF4A /* MovieTableViewCell.swift */ = {isa = PBXFileReference; fileEncoding = 4; lastKnownFileType = sourcecode.swift; path = MovieTableViewCell.swift; sourceTree = "<group>"; };
		7322E5D01E3B42E30067BF4A /* Movie.swift */ = {isa = PBXFileReference; fileEncoding = 4; lastKnownFileType = sourcecode.swift; path = Movie.swift; sourceTree = "<group>"; };
		7322E5D31E3B514C0067BF4A /* Search.swift */ = {isa = PBXFileReference; fileEncoding = 4; lastKnownFileType = sourcecode.swift; path = Search.swift; sourceTree = "<group>"; };
		7322E5D61E3B7F630067BF4A /* MovieHelper.swift */ = {isa = PBXFileReference; fileEncoding = 4; lastKnownFileType = sourcecode.swift; path = MovieHelper.swift; sourceTree = "<group>"; };
		7322E5D81E3C30FA0067BF4A /* Favorites.swift */ = {isa = PBXFileReference; fileEncoding = 4; lastKnownFileType = sourcecode.swift; path = Favorites.swift; sourceTree = "<group>"; };
		7322E5DA1E3C43E10067BF4A /* MovieTableViewCell.xib */ = {isa = PBXFileReference; fileEncoding = 4; lastKnownFileType = file.xib; path = MovieTableViewCell.xib; sourceTree = "<group>"; };
/* End PBXFileReference section */

/* Begin PBXFrameworksBuildPhase section */
		7322E5AD1E3B2D560067BF4A /* Frameworks */ = {
			isa = PBXFrameworksBuildPhase;
			buildActionMask = 2147483647;
			files = (
			);
			runOnlyForDeploymentPostprocessing = 0;
		};
/* End PBXFrameworksBuildPhase section */

/* Begin PBXGroup section */
		7322E5A71E3B2D560067BF4A = {
			isa = PBXGroup;
			children = (
				7322E5B21E3B2D570067BF4A /* The Muff - Abdelraouf */,
				7322E5B11E3B2D560067BF4A /* Products */,
			);
			sourceTree = "<group>";
		};
		7322E5B11E3B2D560067BF4A /* Products */ = {
			isa = PBXGroup;
			children = (
				7322E5B01E3B2D560067BF4A /* The Muff - Abdelraouf.app */,
			);
			name = Products;
			sourceTree = "<group>";
		};
		7322E5B21E3B2D570067BF4A /* The Muff - Abdelraouf */ = {
			isa = PBXGroup;
			children = (
				7322E5C11E3B2D570067BF4A /* Info.plist */,
				7322E5BC1E3B2D570067BF4A /* Assets.xcassets */,
				7322E5B31E3B2D570067BF4A /* AppDelegate.swift */,
				7322E5C91E3B2DBF0067BF4A /* Layouts */,
				7322E5CA1E3B2E280067BF4A /* ViewControllers */,
				7322E5CD1E3B3BF30067BF4A /* Views */,
				7322E5D21E3B45380067BF4A /* Models */,
				7322E5D51E3B51620067BF4A /* Helpers */,
			);
			path = "The Muff - Abdelraouf";
			sourceTree = "<group>";
		};
		7322E5C91E3B2DBF0067BF4A /* Layouts */ = {
			isa = PBXGroup;
			children = (
				7322E5B91E3B2D570067BF4A /* Main.storyboard */,
				7322E5C71E3B2D9C0067BF4A /* Launch Screen.storyboard */,
				7322E5DA1E3C43E10067BF4A /* MovieTableViewCell.xib */,
			);
			name = Layouts;
			sourceTree = "<group>";
		};
		7322E5CA1E3B2E280067BF4A /* ViewControllers */ = {
			isa = PBXGroup;
			children = (
				7322E5B51E3B2D570067BF4A /* FavoriteViewController.swift */,
				7322E5B71E3B2D570067BF4A /* SearchViewController.swift */,
			);
			name = ViewControllers;
			sourceTree = "<group>";
		};
		7322E5CD1E3B3BF30067BF4A /* Views */ = {
			isa = PBXGroup;
			children = (
				7322E5CB1E3B3BEE0067BF4A /* FloatRatingView.swift */,
				7322E5CE1E3B413F0067BF4A /* MovieTableViewCell.swift */,
			);
			name = Views;
			sourceTree = "<group>";
		};
		7322E5D21E3B45380067BF4A /* Models */ = {
			isa = PBXGroup;
			children = (
				7322E5D01E3B42E30067BF4A /* Movie.swift */,
			);
			name = Models;
			sourceTree = "<group>";
		};
		7322E5D51E3B51620067BF4A /* Helpers */ = {
			isa = PBXGroup;
			children = (
				7322E5D31E3B514C0067BF4A /* Search.swift */,
				7322E5D61E3B7F630067BF4A /* MovieHelper.swift */,
				7322E5D81E3C30FA0067BF4A /* Favorites.swift */,
			);
			name = Helpers;
			sourceTree = "<group>";
		};
/* End PBXGroup section */

/* Begin PBXNativeTarget section */
		7322E5AF1E3B2D560067BF4A /* The Muff - Abdelraouf */ = {
			isa = PBXNativeTarget;
			buildConfigurationList = 7322E5C41E3B2D570067BF4A /* Build configuration list for PBXNativeTarget "The Muff - Abdelraouf" */;
			buildPhases = (
				7322E5AC1E3B2D560067BF4A /* Sources */,
				7322E5AD1E3B2D560067BF4A /* Frameworks */,
				7322E5AE1E3B2D560067BF4A /* Resources */,
			);
			buildRules = (
			);
			dependencies = (
			);
			name = "The Muff - Abdelraouf";
			productName = "The Muff - Abdelraouf";
			productReference = 7322E5B01E3B2D560067BF4A /* The Muff - Abdelraouf.app */;
			productType = "com.apple.product-type.application";
		};
/* End PBXNativeTarget section */

/* Begin PBXProject section */
		7322E5A81E3B2D560067BF4A /* Project object */ = {
			isa = PBXProject;
			attributes = {
				LastSwiftUpdateCheck = 0820;
				LastUpgradeCheck = 0820;
				ORGANIZATIONNAME = "Raouf Maz";
				TargetAttributes = {
					7322E5AF1E3B2D560067BF4A = {
						CreatedOnToolsVersion = 8.2.1;
						DevelopmentTeam = L987HXFJJF;
						ProvisioningStyle = Automatic;
					};
				};
			};
			buildConfigurationList = 7322E5AB1E3B2D560067BF4A /* Build configuration list for PBXProject "The Muff - Abdelraouf" */;
			compatibilityVersion = "Xcode 3.2";
			developmentRegion = English;
			hasScannedForEncodings = 0;
			knownRegions = (
				en,
				Base,
			);
			mainGroup = 7322E5A71E3B2D560067BF4A;
			productRefGroup = 7322E5B11E3B2D560067BF4A /* Products */;
			projectDirPath = "";
			projectRoot = "";
			targets = (
				7322E5AF1E3B2D560067BF4A /* The Muff - Abdelraouf */,
			);
		};
/* End PBXProject section */

/* Begin PBXResourcesBuildPhase section */
		7322E5AE1E3B2D560067BF4A /* Resources */ = {
			isa = PBXResourcesBuildPhase;
			buildActionMask = 2147483647;
			files = (
				7322E5C81E3B2D9C0067BF4A /* Launch Screen.storyboard in Resources */,
				7322E5BD1E3B2D570067BF4A /* Assets.xcassets in Resources */,
				7322E5DB1E3C43E10067BF4A /* MovieTableViewCell.xib in Resources */,
				7322E5BB1E3B2D570067BF4A /* Main.storyboard in Resources */,
			);
			runOnlyForDeploymentPostprocessing = 0;
		};
/* End PBXResourcesBuildPhase section */

/* Begin PBXSourcesBuildPhase section */
		7322E5AC1E3B2D560067BF4A /* Sources */ = {
			isa = PBXSourcesBuildPhase;
			buildActionMask = 2147483647;
			files = (
				7322E5D91E3C30FA0067BF4A /* Favorites.swift in Sources */,
				7322E5B81E3B2D570067BF4A /* SearchViewController.swift in Sources */,
				7322E5B41E3B2D570067BF4A /* AppDelegate.swift in Sources */,
				7322E5D11E3B42E30067BF4A /* Movie.swift in Sources */,
				7322E5CC1E3B3BEE0067BF4A /* FloatRatingView.swift in Sources */,
				7322E5D71E3B7F630067BF4A /* MovieHelper.swift in Sources */,
				7322E5B61E3B2D570067BF4A /* FavoriteViewController.swift in Sources */,
				7322E5CF1E3B413F0067BF4A /* MovieTableViewCell.swift in Sources */,
				7322E5D41E3B514C0067BF4A /* Search.swift in Sources */,
			);
			runOnlyForDeploymentPostprocessing = 0;
		};
/* End PBXSourcesBuildPhase section */

/* Begin PBXVariantGroup section */
		7322E5B91E3B2D570067BF4A /* Main.storyboard */ = {
			isa = PBXVariantGroup;
			children = (
				7322E5BA1E3B2D570067BF4A /* Base */,
			);
			name = Main.storyboard;
			sourceTree = "<group>";
		};
/* End PBXVariantGroup section */

/* Begin XCBuildConfiguration section */
		7322E5C21E3B2D570067BF4A /* Debug */ = {
			isa = XCBuildConfiguration;
			buildSettings = {
				ALWAYS_SEARCH_USER_PATHS = NO;
				CLANG_ANALYZER_NONNULL = YES;
				CLANG_CXX_LANGUAGE_STANDARD = "gnu++0x";
				CLANG_CXX_LIBRARY = "libc++";
				CLANG_ENABLE_MODULES = YES;
				CLANG_ENABLE_OBJC_ARC = YES;
				CLANG_WARN_BOOL_CONVERSION = YES;
				CLANG_WARN_CONSTANT_CONVERSION = YES;
				CLANG_WARN_DIRECT_OBJC_ISA_USAGE = YES_ERROR;
				CLANG_WARN_DOCUMENTATION_COMMENTS = YES;
				CLANG_WARN_EMPTY_BODY = YES;
				CLANG_WARN_ENUM_CONVERSION = YES;
				CLANG_WARN_INFINITE_RECURSION = YES;
				CLANG_WARN_INT_CONVERSION = YES;
				CLANG_WARN_OBJC_ROOT_CLASS = YES_ERROR;
				CLANG_WARN_SUSPICIOUS_MOVE = YES;
				CLANG_WARN_UNREACHABLE_CODE = YES;
				CLANG_WARN__DUPLICATE_METHOD_MATCH = YES;
				"CODE_SIGN_IDENTITY[sdk=iphoneos*]" = "iPhone Developer";
				COPY_PHASE_STRIP = NO;
				DEBUG_INFORMATION_FORMAT = dwarf;
				ENABLE_STRICT_OBJC_MSGSEND = YES;
				ENABLE_TESTABILITY = YES;
				GCC_C_LANGUAGE_STANDARD = gnu99;
				GCC_DYNAMIC_NO_PIC = NO;
				GCC_NO_COMMON_BLOCKS = YES;
				GCC_OPTIMIZATION_LEVEL = 0;
				GCC_PREPROCESSOR_DEFINITIONS = (
					"DEBUG=1",
					"$(inherited)",
				);
				GCC_WARN_64_TO_32_BIT_CONVERSION = YES;
				GCC_WARN_ABOUT_RETURN_TYPE = YES_ERROR;
				GCC_WARN_UNDECLARED_SELECTOR = YES;
				GCC_WARN_UNINITIALIZED_AUTOS = YES_AGGRESSIVE;
				GCC_WARN_UNUSED_FUNCTION = YES;
				GCC_WARN_UNUSED_VARIABLE = YES;
				IPHONEOS_DEPLOYMENT_TARGET = 10.2;
				MTL_ENABLE_DEBUG_INFO = YES;
				ONLY_ACTIVE_ARCH = YES;
				SDKROOT = iphoneos;
				SWIFT_ACTIVE_COMPILATION_CONDITIONS = DEBUG;
				SWIFT_OPTIMIZATION_LEVEL = "-Onone";
				TARGETED_DEVICE_FAMILY = "1,2";
			};
			name = Debug;
		};
		7322E5C31E3B2D570067BF4A /* Release */ = {
			isa = XCBuildConfiguration;
			buildSettings = {
				ALWAYS_SEARCH_USER_PATHS = NO;
				CLANG_ANALYZER_NONNULL = YES;
				CLANG_CXX_LANGUAGE_STANDARD = "gnu++0x";
				CLANG_CXX_LIBRARY = "libc++";
				CLANG_ENABLE_MODULES = YES;
				CLANG_ENABLE_OBJC_ARC = YES;
				CLANG_WARN_BOOL_CONVERSION = YES;
				CLANG_WARN_CONSTANT_CONVERSION = YES;
				CLANG_WARN_DIRECT_OBJC_ISA_USAGE = YES_ERROR;
				CLANG_WARN_DOCUMENTATION_COMMENTS = YES;
				CLANG_WARN_EMPTY_BODY = YES;
				CLANG_WARN_ENUM_CONVERSION = YES;
				CLANG_WARN_INFINITE_RECURSION = YES;
				CLANG_WARN_INT_CONVERSION = YES;
				CLANG_WARN_OBJC_ROOT_CLASS = YES_ERROR;
				CLANG_WARN_SUSPICIOUS_MOVE = YES;
				CLANG_WARN_UNREACHABLE_CODE = YES;
				CLANG_WARN__DUPLICATE_METHOD_MATCH = YES;
				"CODE_SIGN_IDENTITY[sdk=iphoneos*]" = "iPhone Developer";
				COPY_PHASE_STRIP = NO;
				DEBUG_INFORMATION_FORMAT = "dwarf-with-dsym";
				ENABLE_NS_ASSERTIONS = NO;
				ENABLE_STRICT_OBJC_MSGSEND = YES;
				GCC_C_LANGUAGE_STANDARD = gnu99;
				GCC_NO_COMMON_BLOCKS = YES;
				GCC_WARN_64_TO_32_BIT_CONVERSION = YES;
				GCC_WARN_ABOUT_RETURN_TYPE = YES_ERROR;
				GCC_WARN_UNDECLARED_SELECTOR = YES;
				GCC_WARN_UNINITIALIZED_AUTOS = YES_AGGRESSIVE;
				GCC_WARN_UNUSED_FUNCTION = YES;
				GCC_WARN_UNUSED_VARIABLE = YES;
				IPHONEOS_DEPLOYMENT_TARGET = 10.2;
				MTL_ENABLE_DEBUG_INFO = NO;
				SDKROOT = iphoneos;
				SWIFT_OPTIMIZATION_LEVEL = "-Owholemodule";
				TARGETED_DEVICE_FAMILY = "1,2";
				VALIDATE_PRODUCT = YES;
			};
			name = Release;
		};
		7322E5C51E3B2D570067BF4A /* Debug */ = {
			isa = XCBuildConfiguration;
			buildSettings = {
				ASSETCATALOG_COMPILER_APPICON_NAME = AppIcon;
				DEVELOPMENT_TEAM = L987HXFJJF;
				INFOPLIST_FILE = "The Muff - Abdelraouf/Info.plist";
				IPHONEOS_DEPLOYMENT_TARGET = 9.0;
				LD_RUNPATH_SEARCH_PATHS = "$(inherited) @executable_path/Frameworks";
				PRODUCT_BUNDLE_IDENTIFIER = com.raouf.ios.muff;
				PRODUCT_NAME = "$(TARGET_NAME)";
				SWIFT_VERSION = 3.0;
			};
			name = Debug;
		};
		7322E5C61E3B2D570067BF4A /* Release */ = {
			isa = XCBuildConfiguration;
			buildSettings = {
				ASSETCATALOG_COMPILER_APPICON_NAME = AppIcon;
				DEVELOPMENT_TEAM = L987HXFJJF;
				INFOPLIST_FILE = "The Muff - Abdelraouf/Info.plist";
				IPHONEOS_DEPLOYMENT_TARGET = 9.0;
				LD_RUNPATH_SEARCH_PATHS = "$(inherited) @executable_path/Frameworks";
				PRODUCT_BUNDLE_IDENTIFIER = com.raouf.ios.muff;
				PRODUCT_NAME = "$(TARGET_NAME)";
				SWIFT_VERSION = 3.0;
			};
			name = Release;
		};
/* End XCBuildConfiguration section */

/* Begin XCConfigurationList section */
		7322E5AB1E3B2D560067BF4A /* Build configuration list for PBXProject "The Muff - Abdelraouf" */ = {
			isa = XCConfigurationList;
			buildConfigurations = (
				7322E5C21E3B2D570067BF4A /* Debug */,
				7322E5C31E3B2D570067BF4A /* Release */,
			);
			defaultConfigurationIsVisible = 0;
			defaultConfigurationName = Release;
		};
		7322E5C41E3B2D570067BF4A /* Build configuration list for PBXNativeTarget "The Muff - Abdelraouf" */ = {
			isa = XCConfigurationList;
			buildConfigurations = (
				7322E5C51E3B2D570067BF4A /* Debug */,
				7322E5C61E3B2D570067BF4A /* Release */,
			);
			defaultConfigurationIsVisible = 0;
		};
/* End XCConfigurationList section */
	};
	rootObject = 7322E5A81E3B2D560067BF4A /* Project object */;
}
